
Microsoft Visual Studio Solution File, Format Version 12.00
# Visual Studio Version 17
VisualStudioVersion = 17.11.35312.102
MinimumVisualStudioVersion = 10.0.40219.1
Project("{9A19103F-16F7-4668-BE54-9A1E7A4F7556}") = "Tema_2", "Tema_2\Tema_2.csproj", "{A39D1290-BF41-456C-8221-8A0C074DC3BC}"
EndProject
Project("{9A19103F-16F7-4668-BE54-9A1E7A4F7556}") = "Nonograma", "Nonograma\Nonograma.csproj", "{07E13944-F6DE-4CB5-AC8E-AD716A00F2EC}"
EndProject
Project("{9A19103F-16F7-4668-BE54-9A1E7A4F7556}") = "WPF_FirstAPP", "WPF_FirstAPP\WPF_FirstAPP.csproj", "{CC9A8DFF-8401-41D5-928C-265D012F1F02}"
EndProject
Project("{9A19103F-16F7-4668-BE54-9A1E7A4F7556}") = "CambioDivisa", "CambioDivisa\CambioDivisa.csproj", "{82418755-43FB-4F16-A37C-FD221FF4582F}"
EndProject
Project("{9A19103F-16F7-4668-BE54-9A1E7A4F7556}") = "GestorArchivos", "GestorArchivos\GestorArchivos.csproj", "{EDDE4914-E934-4D81-AF57-E279B16A751F}"
EndProject
Project("{FAE04EC0-301F-11D3-BF4B-00C04F79EFBC}") = "FirstApi", "FirstApi\FirstApi.csproj", "{C25370D2-956A-4EDF-AB92-D90118FC09C5}"
EndProject
Global
	GlobalSection(SolutionConfigurationPlatforms) = preSolution
		Debug|Any CPU = Debug|Any CPU
		Release|Any CPU = Release|Any CPU
	EndGlobalSection
	GlobalSection(ProjectConfigurationPlatforms) = postSolution
		{A39D1290-BF41-456C-8221-8A0C074DC3BC}.Debug|Any CPU.ActiveCfg = Debug|Any CPU
		{A39D1290-BF41-456C-8221-8A0C074DC3BC}.Debug|Any CPU.Build.0 = Debug|Any CPU
		{A39D1290-BF41-456C-8221-8A0C074DC3BC}.Release|Any CPU.ActiveCfg = Release|Any CPU
		{A39D1290-BF41-456C-8221-8A0C074DC3BC}.Release|Any CPU.Build.0 = Release|Any CPU
		{07E13944-F6DE-4CB5-AC8E-AD716A00F2EC}.Debug|Any CPU.ActiveCfg = Debug|Any CPU
		{07E13944-F6DE-4CB5-AC8E-AD716A00F2EC}.Debug|Any CPU.Build.0 = Debug|Any CPU
		{07E13944-F6DE-4CB5-AC8E-AD716A00F2EC}.Release|Any CPU.ActiveCfg = Release|Any CPU
		{07E13944-F6DE-4CB5-AC8E-AD716A00F2EC}.Release|Any CPU.Build.0 = Release|Any CPU
		{CC9A8DFF-8401-41D5-928C-265D012F1F02}.Debug|Any CPU.ActiveCfg = Debug|Any CPU
		{CC9A8DFF-8401-41D5-928C-265D012F1F02}.Debug|Any CPU.Build.0 = Debug|Any CPU
		{CC9A8DFF-8401-41D5-928C-265D012F1F02}.Release|Any CPU.ActiveCfg = Release|Any CPU
		{CC9A8DFF-8401-41D5-928C-265D012F1F02}.Release|Any CPU.Build.0 = Release|Any CPU
		{82418755-43FB-4F16-A37C-FD221FF4582F}.Debug|Any CPU.ActiveCfg = Debug|Any CPU
		{82418755-43FB-4F16-A37C-FD221FF4582F}.Debug|Any CPU.Build.0 = Debug|Any CPU
		{82418755-43FB-4F16-A37C-FD221FF4582F}.Release|Any CPU.ActiveCfg = Release|Any CPU
		{82418755-43FB-4F16-A37C-FD221FF4582F}.Release|Any CPU.Build.0 = Release|Any CPU
		{EDDE4914-E934-4D81-AF57-E279B16A751F}.Debug|Any CPU.ActiveCfg = Debug|Any CPU
		{EDDE4914-E934-4D81-AF57-E279B16A751F}.Debug|Any CPU.Build.0 = Debug|Any CPU
		{EDDE4914-E934-4D81-AF57-E279B16A751F}.Release|Any CPU.ActiveCfg = Release|Any CPU
		{EDDE4914-E934-4D81-AF57-E279B16A751F}.Release|Any CPU.Build.0 = Release|Any CPU
		{C25370D2-956A-4EDF-AB92-D90118FC09C5}.Debug|Any CPU.ActiveCfg = Debug|Any CPU
		{C25370D2-956A-4EDF-AB92-D90118FC09C5}.Debug|Any CPU.Build.0 = Debug|Any CPU
		{C25370D2-956A-4EDF-AB92-D90118FC09C5}.Release|Any CPU.ActiveCfg = Release|Any CPU
		{C25370D2-956A-4EDF-AB92-D90118FC09C5}.Release|Any CPU.Build.0 = Release|Any CPU
	EndGlobalSection
	GlobalSection(SolutionProperties) = preSolution
		HideSolutionNode = FALSE
	EndGlobalSection
	GlobalSection(ExtensibilityGlobals) = postSolution
		SolutionGuid = {768004F8-F12C-4F4D-91BB-F967CA1FDCCE}
	EndGlobalSection
EndGlobal
